
Microsoft Visual Studio Solution File, Format Version 12.00
# Visual Studio Version 16
VisualStudioVersion = 16.0.31624.102
MinimumVisualStudioVersion = 10.0.40219.1
Project("{9A19103F-16F7-4668-BE54-9A1E7A4F7556}") = "myDbApp", "ConsoleApp1\myDbApp.csproj", "{6A82EB4D-7FBD-486B-BAE8-3720E35902F3}"
EndProject
Global
	GlobalSection(SolutionConfigurationPlatforms) = preSolution
		Debug|Any CPU = Debug|Any CPU
		Release|Any CPU = Release|Any CPU
	EndGlobalSection
	GlobalSection(ProjectConfigurationPlatforms) = postSolution
		{6A82EB4D-7FBD-486B-BAE8-3720E35902F3}.Debug|Any CPU.ActiveCfg = Debug|Any CPU
		{6A82EB4D-7FBD-486B-BAE8-3720E35902F3}.Debug|Any CPU.Build.0 = Debug|Any CPU
		{6A82EB4D-7FBD-486B-BAE8-3720E35902F3}.Release|Any CPU.ActiveCfg = Release|Any CPU
		{6A82EB4D-7FBD-486B-BAE8-3720E35902F3}.Release|Any CPU.Build.0 = Release|Any CPU
	EndGlobalSection
	GlobalSection(SolutionProperties) = preSolution
		HideSolutionNode = FALSE
	EndGlobalSection
	GlobalSection(ExtensibilityGlobals) = postSolution
		SolutionGuid = {2D698E83-B566-4CE9-9457-EF30EFFBE0C0}
	EndGlobalSection
EndGlobal
